# THIS IS AN AUTOGENERATED FILE. DO NOT EDIT THIS FILE DIRECTLY.
# yarn lockfile v1


"@prettier/plugin-php@^0.10.2":
  version "0.10.2"
  resolved "https://registry.yarnpkg.com/@prettier/plugin-php/-/plugin-php-0.10.2.tgz#324b7bc4dc7305c7e43f864234e82a9cc0c862a4"
  integrity sha512-FCzNR2kqlS9YV81JguX4vYnpwFn6cOlLwUZaEB0jIjPcrEgqqBwk6KSERTA5cE+lX5Ynip5rkV1hydGufwyJ7A==
  dependencies:
    linguist-languages "^6.3.0"
    mem "^4.0.0"
    php-parser glayzzle/php-parser#71485979b688d12fb130d3e853fdc00348671e00

linguist-languages@^6.3.0:
  version "6.3.0"
  resolved "https://registry.yarnpkg.com/linguist-languages/-/linguist-languages-6.3.0.tgz#b15a847c130229cc9239ebb11f0525a0e4c7a092"
  integrity sha512-d86fIQM00SqmBmAErxRpBEBe2Nw/WK4Se999wavaXc+lqarOLnoenGP3V/wgBclxKsRXEYWTd6mvv8373vPSKg==

map-age-cleaner@^0.1.1:
  version "0.1.3"
  resolved "https://registry.yarnpkg.com/map-age-cleaner/-/map-age-cleaner-0.1.3.tgz#7d583a7306434c055fe474b0f45078e6e1b4b92a"
  integrity sha512-bJzx6nMoP6PDLPBFmg7+xRKeFZvFboMrGlxmNj9ClvX53KrmvM5bXFXEWjbz4cz1AFn+jWJ9z/DJSz7hrs0w3w==
  dependencies:
    p-defer "^1.0.0"

mem@^4.0.0:
  version "4.2.0"
  resolved "https://registry.yarnpkg.com/mem/-/mem-4.2.0.tgz#5ee057680ed9cb8dad8a78d820f9a8897a102025"
  integrity sha512-5fJxa68urlY0Ir8ijatKa3eRz5lwXnRCTvo9+TbTGAuTFJOwpGcY0X05moBd0nW45965Njt4CDI2GFQoG8DvqA==
  dependencies:
    map-age-cleaner "^0.1.1"
    mimic-fn "^2.0.0"
    p-is-promise "^2.0.0"

mimic-fn@^2.0.0:
  version "2.0.0"
  resolved "https://registry.yarnpkg.com/mimic-fn/-/mimic-fn-2.0.0.tgz#0913ff0b121db44ef5848242c38bbb35d44cabde"
  integrity sha512-jbex9Yd/3lmICXwYT6gA/j2mNQGU48wCh/VzRd+/Y/PjYQtlg1gLMdZqvu9s/xH7qKvngxRObl56XZR609IMbA==

p-defer@^1.0.0:
  version "1.0.0"
  resolved "https://registry.yarnpkg.com/p-defer/-/p-defer-1.0.0.tgz#9f6eb182f6c9aa8cd743004a7d4f96b196b0fb0c"
  integrity sha1-n26xgvbJqozXQwBKfU+WsZaw+ww=

p-is-promise@^2.0.0:
  version "2.0.0"
  resolved "https://registry.yarnpkg.com/p-is-promise/-/p-is-promise-2.0.0.tgz#7554e3d572109a87e1f3f53f6a7d85d1b194f4c5"
  integrity sha512-pzQPhYMCAgLAKPWD2jC3Se9fEfrD9npNos0y150EeqZll7akhEgGhTW/slB6lHku8AvYGiJ+YJ5hfHKePPgFWg==

"php-parser@github:glayzzle/php-parser#71485979b688d12fb130d3e853fdc00348671e00":
  version "3.0.0-prerelease.8"
  resolved "https://codeload.github.com/glayzzle/php-parser/tar.gz/71485979b688d12fb130d3e853fdc00348671e00"

prettier@^1.16.4:
  version "1.16.4"
  resolved "https://registry.yarnpkg.com/prettier/-/prettier-1.16.4.tgz#73e37e73e018ad2db9c76742e2647e21790c9717"
  integrity sha512-ZzWuos7TI5CKUeQAtFd6Zhm2s6EpAD/ZLApIhsF9pRvRtM1RFo61dM/4MSRUA0SuLugA/zgrZD8m0BaY46Og7g==
